
Microsoft Visual Studio Solution File, Format Version 12.00
# Visual Studio 15
Project("{FAE04EC0-301F-11D3-BF4B-00C04F79EFBC}") = "WordUnscrambler", "WordUnscrambler\WordUnscrambler.csproj", "{DC3B528A-5CF6-4536-B14B-BD1483CB5814}"
EndProject
Project("{FAE04EC0-301F-11D3-BF4B-00C04F79EFBC}") = "WordUnscrambler.Test.Unit", "WordUnscrambler.Test.Unit\WordUnscrambler.Test.Unit.csproj", "{0802AD5D-BF94-448C-BD3E-D846F5D5561B}"
EndProject
Global
	GlobalSection(SolutionConfigurationPlatforms) = preSolution
		Debug|Any CPU = Debug|Any CPU
		Release|Any CPU = Release|Any CPU
	EndGlobalSection
	GlobalSection(ProjectConfigurationPlatforms) = postSolution
		{DC3B528A-5CF6-4536-B14B-BD1483CB5814}.Debug|Any CPU.ActiveCfg = Debug|Any CPU
		{DC3B528A-5CF6-4536-B14B-BD1483CB5814}.Debug|Any CPU.Build.0 = Debug|Any CPU
		{DC3B528A-5CF6-4536-B14B-BD1483CB5814}.Release|Any CPU.ActiveCfg = Release|Any CPU
		{DC3B528A-5CF6-4536-B14B-BD1483CB5814}.Release|Any CPU.Build.0 = Release|Any CPU
		{0802AD5D-BF94-448C-BD3E-D846F5D5561B}.Debug|Any CPU.ActiveCfg = Debug|Any CPU
		{0802AD5D-BF94-448C-BD3E-D846F5D5561B}.Debug|Any CPU.Build.0 = Debug|Any CPU
		{0802AD5D-BF94-448C-BD3E-D846F5D5561B}.Release|Any CPU.ActiveCfg = Release|Any CPU
		{0802AD5D-BF94-448C-BD3E-D846F5D5561B}.Release|Any CPU.Build.0 = Release|Any CPU
	EndGlobalSection
EndGlobal
